
Microsoft Visual Studio Solution File, Format Version 12.00
# Visual Studio Version 17
VisualStudioVersion = 17.13.35818.85 d17.13
MinimumVisualStudioVersion = 10.0.40219.1
Project("{FAE04EC0-301F-11D3-BF4B-00C04F79EFBC}") = "CliInvoke", "CliInvoke\CliInvoke.csproj", "{F98DDAB8-3C26-4E04-BB26-876F11DA8114}"
EndProject
Project("{FAE04EC0-301F-11D3-BF4B-00C04F79EFBC}") = "CliInvoke.Specializations", "CliInvoke.Specializations\CliInvoke.Specializations.csproj", "{30D9300C-007A-4A3A-B76B-D883496477C8}"
EndProject
Project("{FAE04EC0-301F-11D3-BF4B-00C04F79EFBC}") = "CliInvoke.Extensibility", "CliInvoke.Extensibility\CliInvoke.Extensibility.csproj", "{CB30BE57-FC90-1C6A-A517-AE6981C8C92D}"
EndProject
Project("{FAE04EC0-301F-11D3-BF4B-00C04F79EFBC}") = "CliInvoke.Tests", "CliInvoke.Tests\CliInvoke.Tests.csproj", "{F24F91F2-BCA5-4E6C-7F4D-802371431614}"
EndProject
Project("{FAE04EC0-301F-11D3-BF4B-00C04F79EFBC}") = "CliInvoke.Extensions", "CliInvoke.Extensions\CliInvoke.Extensions.csproj", "{A7E4B01C-7161-400C-8C36-FCD4F87B3847}"
EndProject
Global
	GlobalSection(SolutionConfigurationPlatforms) = preSolution
		Debug|Any CPU = Debug|Any CPU
		Release|Any CPU = Release|Any CPU
	EndGlobalSection
	GlobalSection(ProjectConfigurationPlatforms) = postSolution
		{F98DDAB8-3C26-4E04-BB26-876F11DA8114}.Debug|Any CPU.ActiveCfg = Debug|Any CPU
		{F98DDAB8-3C26-4E04-BB26-876F11DA8114}.Debug|Any CPU.Build.0 = Debug|Any CPU
		{F98DDAB8-3C26-4E04-BB26-876F11DA8114}.Release|Any CPU.ActiveCfg = Release|Any CPU
		{F98DDAB8-3C26-4E04-BB26-876F11DA8114}.Release|Any CPU.Build.0 = Release|Any CPU
		{30D9300C-007A-4A3A-B76B-D883496477C8}.Debug|Any CPU.ActiveCfg = Debug|Any CPU
		{30D9300C-007A-4A3A-B76B-D883496477C8}.Debug|Any CPU.Build.0 = Debug|Any CPU
		{30D9300C-007A-4A3A-B76B-D883496477C8}.Release|Any CPU.ActiveCfg = Release|Any CPU
		{30D9300C-007A-4A3A-B76B-D883496477C8}.Release|Any CPU.Build.0 = Release|Any CPU
		{CB30BE57-FC90-1C6A-A517-AE6981C8C92D}.Debug|Any CPU.ActiveCfg = Debug|Any CPU
		{CB30BE57-FC90-1C6A-A517-AE6981C8C92D}.Debug|Any CPU.Build.0 = Debug|Any CPU
		{CB30BE57-FC90-1C6A-A517-AE6981C8C92D}.Release|Any CPU.ActiveCfg = Release|Any CPU
		{CB30BE57-FC90-1C6A-A517-AE6981C8C92D}.Release|Any CPU.Build.0 = Release|Any CPU
		{F24F91F2-BCA5-4E6C-7F4D-802371431614}.Debug|Any CPU.ActiveCfg = Debug|Any CPU
		{F24F91F2-BCA5-4E6C-7F4D-802371431614}.Debug|Any CPU.Build.0 = Debug|Any CPU
		{F24F91F2-BCA5-4E6C-7F4D-802371431614}.Release|Any CPU.ActiveCfg = Release|Any CPU
		{F24F91F2-BCA5-4E6C-7F4D-802371431614}.Release|Any CPU.Build.0 = Release|Any CPU
		{A7E4B01C-7161-400C-8C36-FCD4F87B3847}.Debug|Any CPU.ActiveCfg = Debug|Any CPU
		{A7E4B01C-7161-400C-8C36-FCD4F87B3847}.Debug|Any CPU.Build.0 = Debug|Any CPU
		{A7E4B01C-7161-400C-8C36-FCD4F87B3847}.Release|Any CPU.ActiveCfg = Release|Any CPU
		{A7E4B01C-7161-400C-8C36-FCD4F87B3847}.Release|Any CPU.Build.0 = Release|Any CPU
	EndGlobalSection
	GlobalSection(SolutionProperties) = preSolution
		HideSolutionNode = FALSE
	EndGlobalSection
EndGlobal
